// !$*UTF8*$!
{
	archiveVersion = 1;
	classes = {
	};
	objectVersion = 46;
	objects = {

/* Begin PBXBuildFile section */
		F7EB14AD1A3D69FA00A876DD /* main.m in Sources */ = {isa = PBXBuildFile; fileRef = F7EB14AC1A3D69FA00A876DD /* main.m */; };
		F7EB14B01A3D69FA00A876DD /* AppDelegate.m in Sources */ = {isa = PBXBuildFile; fileRef = F7EB14AF1A3D69FA00A876DD /* AppDelegate.m */; };
		F7EB14B31A3D69FB00A876DD /* ViewController.m in Sources */ = {isa = PBXBuildFile; fileRef = F7EB14B21A3D69FB00A876DD /* ViewController.m */; };
		F7EB14B61A3D69FB00A876DD /* Main.storyboard in Resources */ = {isa = PBXBuildFile; fileRef = F7EB14B41A3D69FB00A876DD /* Main.storyboard */; };
		F7EB14B81A3D69FB00A876DD /* Images.xcassets in Resources */ = {isa = PBXBuildFile; fileRef = F7EB14B71A3D69FB00A876DD /* Images.xcassets */; };
		F7EB14BB1A3D69FB00A876DD /* LaunchScreen.xib in Resources */ = {isa = PBXBuildFile; fileRef = F7EB14B91A3D69FB00A876DD /* LaunchScreen.xib */; };
		F7EB14C71A3D69FB00A876DD /* day4WorkTests.m in Sources */ = {isa = PBXBuildFile; fileRef = F7EB14C61A3D69FB00A876DD /* day4WorkTests.m */; };
/* End PBXBuildFile section */

/* Begin PBXContainerItemProxy section */
		F7EB14C11A3D69FB00A876DD /* PBXContainerItemProxy */ = {
			isa = PBXContainerItemProxy;
			containerPortal = F7EB149F1A3D69FA00A876DD /* Project object */;
			proxyType = 1;
			remoteGlobalIDString = F7EB14A61A3D69FA00A876DD;
			remoteInfo = day4Work;
		};
/* End PBXContainerItemProxy section */

/* Begin PBXFileReference section */
		F7EB14A71A3D69FA00A876DD /* day4Work.app */ = {isa = PBXFileReference; explicitFileType = wrapper.application; includeInIndex = 0; path = day4Work.app; sourceTree = BUILT_PRODUCTS_DIR; };
		F7EB14AB1A3D69FA00A876DD /* Info.plist */ = {isa = PBXFileReference; lastKnownFileType = text.plist.xml; path = Info.plist; sourceTree = "<group>"; };
		F7EB14AC1A3D69FA00A876DD /* main.m */ = {isa = PBXFileReference; lastKnownFileType = sourcecode.c.objc; path = main.m; sourceTree = "<group>"; };
		F7EB14AE1A3D69FA00A876DD /* AppDelegate.h */ = {isa = PBXFileReference; lastKnownFileType = sourcecode.c.h; path = AppDelegate.h; sourceTree = "<group>"; };
		F7EB14AF1A3D69FA00A876DD /* AppDelegate.m */ = {isa = PBXFileReference; lastKnownFileType = sourcecode.c.objc; path = AppDelegate.m; sourceTree = "<group>"; };
		F7EB14B11A3D69FA00A876DD /* ViewController.h */ = {isa = PBXFileReference; lastKnownFileType = sourcecode.c.h; path = ViewController.h; sourceTree = "<group>"; };
		F7EB14B21A3D69FB00A876DD /* ViewController.m */ = {isa = PBXFileReference; lastKnownFileType = sourcecode.c.objc; path = ViewController.m; sourceTree = "<group>"; };
		F7EB14B51A3D69FB00A876DD /* Base */ = {isa = PBXFileReference; lastKnownFileType = file.storyboard; name = Base; path = Base.lproj/Main.storyboard; sourceTree = "<group>"; };
		F7EB14B71A3D69FB00A876DD /* Images.xcassets */ = {isa = PBXFileReference; lastKnownFileType = folder.assetcatalog; path = Images.xcassets; sourceTree = "<group>"; };
		F7EB14BA1A3D69FB00A876DD /* Base */ = {isa = PBXFileReference; lastKnownFileType = file.xib; name = Base; path = Base.lproj/LaunchScreen.xib; sourceTree = "<group>"; };
		F7EB14C01A3D69FB00A876DD /* day4WorkTests.xctest */ = {isa = PBXFileReference; explicitFileType = wrapper.cfbundle; includeInIndex = 0; path = day4WorkTests.xctest; sourceTree = BUILT_PRODUCTS_DIR; };
		F7EB14C51A3D69FB00A876DD /* Info.plist */ = {isa = PBXFileReference; lastKnownFileType = text.plist.xml; path = Info.plist; sourceTree = "<group>"; };
		F7EB14C61A3D69FB00A876DD /* day4WorkTests.m */ = {isa = PBXFileReference; lastKnownFileType = sourcecode.c.objc; path = day4WorkTests.m; sourceTree = "<group>"; };
/* End PBXFileReference section */

/* Begin PBXFrameworksBuildPhase section */
		F7EB14A41A3D69FA00A876DD /* Frameworks */ = {
			isa = PBXFrameworksBuildPhase;
			buildActionMask = 2147483647;
			files = (
			);
			runOnlyForDeploymentPostprocessing = 0;
		};
		F7EB14BD1A3D69FB00A876DD /* Frameworks */ = {
			isa = PBXFrameworksBuildPhase;
			buildActionMask = 2147483647;
			files = (
			);
			runOnlyForDeploymentPostprocessing = 0;
		};
/* End PBXFrameworksBuildPhase section */

/* Begin PBXGroup section */
		F7EB149E1A3D69FA00A876DD = {
			isa = PBXGroup;
			children = (
				F7EB14A91A3D69FA00A876DD /* day4Work */,
				F7EB14C31A3D69FB00A876DD /* day4WorkTests */,
				F7EB14A81A3D69FA00A876DD /* Products */,
			);
			sourceTree = "<group>";
		};
		F7EB14A81A3D69FA00A876DD /* Products */ = {
			isa = PBXGroup;
			children = (
				F7EB14A71A3D69FA00A876DD /* day4Work.app */,
				F7EB14C01A3D69FB00A876DD /* day4WorkTests.xctest */,
			);
			name = Products;
			sourceTree = "<group>";
		};
		F7EB14A91A3D69FA00A876DD /* day4Work */ = {
			isa = PBXGroup;
			children = (
				F7EB14AE1A3D69FA00A876DD /* AppDelegate.h */,
				F7EB14AF1A3D69FA00A876DD /* AppDelegate.m */,
				F7EB14B11A3D69FA00A876DD /* ViewController.h */,
				F7EB14B21A3D69FB00A876DD /* ViewController.m */,
				F7EB14B41A3D69FB00A876DD /* Main.storyboard */,
				F7EB14B71A3D69FB00A876DD /* Images.xcassets */,
				F7EB14B91A3D69FB00A876DD /* LaunchScreen.xib */,
				F7EB14AA1A3D69FA00A876DD /* Supporting Files */,
			);
			path = day4Work;
			sourceTree = "<group>";
		};
		F7EB14AA1A3D69FA00A876DD /* Supporting Files */ = {
			isa = PBXGroup;
			children = (
				F7EB14AB1A3D69FA00A876DD /* Info.plist */,
				F7EB14AC1A3D69FA00A876DD /* main.m */,
			);
			name = "Supporting Files";
			sourceTree = "<group>";
		};
		F7EB14C31A3D69FB00A876DD /* day4WorkTests */ = {
			isa = PBXGroup;
			children = (
				F7EB14C61A3D69FB00A876DD /* day4WorkTests.m */,
				F7EB14C41A3D69FB00A876DD /* Supporting Files */,
			);
			path = day4WorkTests;
			sourceTree = "<group>";
		};
		F7EB14C41A3D69FB00A876DD /* Supporting Files */ = {
			isa = PBXGroup;
			children = (
				F7EB14C51A3D69FB00A876DD /* Info.plist */,
			);
			name = "Supporting Files";
			sourceTree = "<group>";
		};
/* End PBXGroup section */

/* Begin PBXNativeTarget section */
		F7EB14A61A3D69FA00A876DD /* day4Work */ = {
			isa = PBXNativeTarget;
			buildConfigurationList = F7EB14CA1A3D69FB00A876DD /* Build configuration list for PBXNativeTarget "day4Work" */;
			buildPhases = (
				F7EB14A31A3D69FA00A876DD /* Sources */,
				F7EB14A41A3D69FA00A876DD /* Frameworks */,
				F7EB14A51A3D69FA00A876DD /* Resources */,
			);
			buildRules = (
			);
			dependencies = (
			);
			name = day4Work;
			productName = day4Work;
			productReference = F7EB14A71A3D69FA00A876DD /* day4Work.app */;
			productType = "com.apple.product-type.application";
		};
		F7EB14BF1A3D69FB00A876DD /* day4WorkTests */ = {
			isa = PBXNativeTarget;
			buildConfigurationList = F7EB14CD1A3D69FB00A876DD /* Build configuration list for PBXNativeTarget "day4WorkTests" */;
			buildPhases = (
				F7EB14BC1A3D69FB00A876DD /* Sources */,
				F7EB14BD1A3D69FB00A876DD /* Frameworks */,
				F7EB14BE1A3D69FB00A876DD /* Resources */,
			);
			buildRules = (
			);
			dependencies = (
				F7EB14C21A3D69FB00A876DD /* PBXTargetDependency */,
			);
			name = day4WorkTests;
			productName = day4WorkTests;
			productReference = F7EB14C01A3D69FB00A876DD /* day4WorkTests.xctest */;
			productType = "com.apple.product-type.bundle.unit-test";
		};
/* End PBXNativeTarget section */

/* Begin PBXProject section */
		F7EB149F1A3D69FA00A876DD /* Project object */ = {
			isa = PBXProject;
			attributes = {
				LastUpgradeCheck = 0610;
				ORGANIZATIONNAME = i3Tech;
				TargetAttributes = {
					F7EB14A61A3D69FA00A876DD = {
						CreatedOnToolsVersion = 6.1.1;
						DevelopmentTeam = ASH3LD954H;
					};
					F7EB14BF1A3D69FB00A876DD = {
						CreatedOnToolsVersion = 6.1.1;
						TestTargetID = F7EB14A61A3D69FA00A876DD;
					};
				};
			};
			buildConfigurationList = F7EB14A21A3D69FA00A876DD /* Build configuration list for PBXProject "day4Work" */;
			compatibilityVersion = "Xcode 3.2";
			developmentRegion = English;
			hasScannedForEncodings = 0;
			knownRegions = (
				en,
				Base,
			);
			mainGroup = F7EB149E1A3D69FA00A876DD;
			productRefGroup = F7EB14A81A3D69FA00A876DD /* Products */;
			projectDirPath = "";
			projectRoot = "";
			targets = (
				F7EB14A61A3D69FA00A876DD /* day4Work */,
				F7EB14BF1A3D69FB00A876DD /* day4WorkTests */,
			);
		};
/* End PBXProject section */

/* Begin PBXResourcesBuildPhase section */
		F7EB14A51A3D69FA00A876DD /* Resources */ = {
			isa = PBXResourcesBuildPhase;
			buildActionMask = 2147483647;
			files = (
				F7EB14B61A3D69FB00A876DD /* Main.storyboard in Resources */,
				F7EB14BB1A3D69FB00A876DD /* LaunchScreen.xib in Resources */,
				F7EB14B81A3D69FB00A876DD /* Images.xcassets in Resources */,
			);
			runOnlyForDeploymentPostprocessing = 0;
		};
		F7EB14BE1A3D69FB00A876DD /* Resources */ = {
			isa = PBXResourcesBuildPhase;
			buildActionMask = 2147483647;
			files = (
			);
			runOnlyForDeploymentPostprocessing = 0;
		};
/* End PBXResourcesBuildPhase section */

/* Begin PBXSourcesBuildPhase section */
		F7EB14A31A3D69FA00A876DD /* Sources */ = {
			isa = PBXSourcesBuildPhase;
			buildActionMask = 2147483647;
			files = (
				F7EB14B31A3D69FB00A876DD /* ViewController.m in Sources */,
				F7EB14B01A3D69FA00A876DD /* AppDelegate.m in Sources */,
				F7EB14AD1A3D69FA00A876DD /* main.m in Sources */,
			);
			runOnlyForDeploymentPostprocessing = 0;
		};
		F7EB14BC1A3D69FB00A876DD /* Sources */ = {
			isa = PBXSourcesBuildPhase;
			buildActionMask = 2147483647;
			files = (
				F7EB14C71A3D69FB00A876DD /* day4WorkTests.m in Sources */,
			);
			runOnlyForDeploymentPostprocessing = 0;
		};
/* End PBXSourcesBuildPhase section */

/* Begin PBXTargetDependency section */
		F7EB14C21A3D69FB00A876DD /* PBXTargetDependency */ = {
			isa = PBXTargetDependency;
			target = F7EB14A61A3D69FA00A876DD /* day4Work */;
			targetProxy = F7EB14C11A3D69FB00A876DD /* PBXContainerItemProxy */;
		};
/* End PBXTargetDependency section */

/* Begin PBXVariantGroup section */
		F7EB14B41A3D69FB00A876DD /* Main.storyboard */ = {
			isa = PBXVariantGroup;
			children = (
				F7EB14B51A3D69FB00A876DD /* Base */,
			);
			name = Main.storyboard;
			sourceTree = "<group>";
		};
		F7EB14B91A3D69FB00A876DD /* LaunchScreen.xib */ = {
			isa = PBXVariantGroup;
			children = (
				F7EB14BA1A3D69FB00A876DD /* Base */,
			);
			name = LaunchScreen.xib;
			sourceTree = "<group>";
		};
/* End PBXVariantGroup section */

/* Begin XCBuildConfiguration section */
		F7EB14C81A3D69FB00A876DD /* Debug */ = {
			isa = XCBuildConfiguration;
			buildSettings = {
				ALWAYS_SEARCH_USER_PATHS = NO;
				CLANG_CXX_LANGUAGE_STANDARD = "gnu++0x";
				CLANG_CXX_LIBRARY = "libc++";
				CLANG_ENABLE_MODULES = YES;
				CLANG_ENABLE_OBJC_ARC = YES;
				CLANG_WARN_BOOL_CONVERSION = YES;
				CLANG_WARN_CONSTANT_CONVERSION = YES;
				CLANG_WARN_DIRECT_OBJC_ISA_USAGE = YES_ERROR;
				CLANG_WARN_EMPTY_BODY = YES;
				CLANG_WARN_ENUM_CONVERSION = YES;
				CLANG_WARN_INT_CONVERSION = YES;
				CLANG_WARN_OBJC_ROOT_CLASS = YES_ERROR;
				CLANG_WARN_UNREACHABLE_CODE = YES;
				CLANG_WARN__DUPLICATE_METHOD_MATCH = YES;
				"CODE_SIGN_IDENTITY[sdk=iphoneos*]" = "iPhone Developer";
				COPY_PHASE_STRIP = NO;
				ENABLE_STRICT_OBJC_MSGSEND = YES;
				GCC_C_LANGUAGE_STANDARD = gnu99;
				GCC_DYNAMIC_NO_PIC = NO;
				GCC_OPTIMIZATION_LEVEL = 0;
				GCC_PREPROCESSOR_DEFINITIONS = (
					"DEBUG=1",
					"$(inherited)",
				);
				GCC_SYMBOLS_PRIVATE_EXTERN = NO;
				GCC_WARN_64_TO_32_BIT_CONVERSION = YES;
				GCC_WARN_ABOUT_RETURN_TYPE = YES_ERROR;
				GCC_WARN_UNDECLARED_SELECTOR = YES;
				GCC_WARN_UNINITIALIZED_AUTOS = YES_AGGRESSIVE;
				GCC_WARN_UNUSED_FUNCTION = YES;
				GCC_WARN_UNUSED_VARIABLE = YES;
				IPHONEOS_DEPLOYMENT_TARGET = 8.1;
				MTL_ENABLE_DEBUG_INFO = YES;
				ONLY_ACTIVE_ARCH = YES;
				SDKROOT = iphoneos;
				TARGETED_DEVICE_FAMILY = "1,2";
			};
			name = Debug;
		};
		F7EB14C91A3D69FB00A876DD /* Release */ = {
			isa = XCBuildConfiguration;
			buildSettings = {
				ALWAYS_SEARCH_USER_PATHS = NO;
				CLANG_CXX_LANGUAGE_STANDARD = "gnu++0x";
				CLANG_CXX_LIBRARY = "libc++";
				CLANG_ENABLE_MODULES = YES;
				CLANG_ENABLE_OBJC_ARC = YES;
				CLANG_WARN_BOOL_CONVERSION = YES;
				CLANG_WARN_CONSTANT_CONVERSION = YES;
				CLANG_WARN_DIRECT_OBJC_ISA_USAGE = YES_ERROR;
				CLANG_WARN_EMPTY_BODY = YES;
				CLANG_WARN_ENUM_CONVERSION = YES;
				CLANG_WARN_INT_CONVERSION = YES;
				CLANG_WARN_OBJC_ROOT_CLASS = YES_ERROR;
				CLANG_WARN_UNREACHABLE_CODE = YES;
				CLANG_WARN__DUPLICATE_METHOD_MATCH = YES;
				"CODE_SIGN_IDENTITY[sdk=iphoneos*]" = "iPhone Developer";
				COPY_PHASE_STRIP = YES;
				ENABLE_NS_ASSERTIONS = NO;
				ENABLE_STRICT_OBJC_MSGSEND = YES;
				GCC_C_LANGUAGE_STANDARD = gnu99;
				GCC_WARN_64_TO_32_BIT_CONVERSION = YES;
				GCC_WARN_ABOUT_RETURN_TYPE = YES_ERROR;
				GCC_WARN_UNDECLARED_SELECTOR = YES;
				GCC_WARN_UNINITIALIZED_AUTOS = YES_AGGRESSIVE;
				GCC_WARN_UNUSED_FUNCTION = YES;
				GCC_WARN_UNUSED_VARIABLE = YES;
				IPHONEOS_DEPLOYMENT_TARGET = 8.1;
				MTL_ENABLE_DEBUG_INFO = NO;
				SDKROOT = iphoneos;
				TARGETED_DEVICE_FAMILY = "1,2";
				VALIDATE_PRODUCT = YES;
			};
			name = Release;
		};
		F7EB14CB1A3D69FB00A876DD /* Debug */ = {
			isa = XCBuildConfiguration;
			buildSettings = {
				ASSETCATALOG_COMPILER_APPICON_NAME = AppIcon;
				CODE_SIGN_IDENTITY = "iPhone Developer";
				INFOPLIST_FILE = day4Work/Info.plist;
				LD_RUNPATH_SEARCH_PATHS = "$(inherited) @executable_path/Frameworks";
				PRODUCT_NAME = "$(TARGET_NAME)";
			};
			name = Debug;
		};
		F7EB14CC1A3D69FB00A876DD /* Release */ = {
			isa = XCBuildConfiguration;
			buildSettings = {
				ASSETCATALOG_COMPILER_APPICON_NAME = AppIcon;
				CODE_SIGN_IDENTITY = "iPhone Developer";
				INFOPLIST_FILE = day4Work/Info.plist;
				LD_RUNPATH_SEARCH_PATHS = "$(inherited) @executable_path/Frameworks";
				PRODUCT_NAME = "$(TARGET_NAME)";
			};
			name = Release;
		};
		F7EB14CE1A3D69FB00A876DD /* Debug */ = {
			isa = XCBuildConfiguration;
			buildSettings = {
				BUNDLE_LOADER = "$(TEST_HOST)";
				FRAMEWORK_SEARCH_PATHS = (
					"$(SDKROOT)/Developer/Library/Frameworks",
					"$(inherited)",
				);
				GCC_PREPROCESSOR_DEFINITIONS = (
					"DEBUG=1",
					"$(inherited)",
				);
				INFOPLIST_FILE = day4WorkTests/Info.plist;
				LD_RUNPATH_SEARCH_PATHS = "$(inherited) @executable_path/Frameworks @loader_path/Frameworks";
				PRODUCT_NAME = "$(TARGET_NAME)";
				TEST_HOST = "$(BUILT_PRODUCTS_DIR)/day4Work.app/day4Work";
			};
			name = Debug;
		};
		F7EB14CF1A3D69FB00A876DD /* Release */ = {
			isa = XCBuildConfiguration;
			buildSettings = {
				BUNDLE_LOADER = "$(TEST_HOST)";
				FRAMEWORK_SEARCH_PATHS = (
					"$(SDKROOT)/Developer/Library/Frameworks",
					"$(inherited)",
				);
				INFOPLIST_FILE = day4WorkTests/Info.plist;
				LD_RUNPATH_SEARCH_PATHS = "$(inherited) @executable_path/Frameworks @loader_path/Frameworks";
				PRODUCT_NAME = "$(TARGET_NAME)";
				TEST_HOST = "$(BUILT_PRODUCTS_DIR)/day4Work.app/day4Work";
			};
			name = Release;
		};
/* End XCBuildConfiguration section */

/* Begin XCConfigurationList section */
		F7EB14A21A3D69FA00A876DD /* Build configuration list for PBXProject "day4Work" */ = {
			isa = XCConfigurationList;
			buildConfigurations = (
				F7EB14C81A3D69FB00A876DD /* Debug */,
				F7EB14C91A3D69FB00A876DD /* Release */,
			);
			defaultConfigurationIsVisible = 0;
			defaultConfigurationName = Release;
		};
		F7EB14CA1A3D69FB00A876DD /* Build configuration list for PBXNativeTarget "day4Work" */ = {
			isa = XCConfigurationList;
			buildConfigurations = (
				F7EB14CB1A3D69FB00A876DD /* Debug */,
				F7EB14CC1A3D69FB00A876DD /* Release */,
			);
			defaultConfigurationIsVisible = 0;
		};
		F7EB14CD1A3D69FB00A876DD /* Build configuration list for PBXNativeTarget "day4WorkTests" */ = {
			isa = XCConfigurationList;
			buildConfigurations = (
				F7EB14CE1A3D69FB00A876DD /* Debug */,
				F7EB14CF1A3D69FB00A876DD /* Release */,
			);
			defaultConfigurationIsVisible = 0;
		};
/* End XCConfigurationList section */
	};
	rootObject = F7EB149F1A3D69FA00A876DD /* Project object */;
}
